
Microsoft Visual Studio Solution File, Format Version 12.00
# Visual Studio 2012
Project("{F184B08F-C81C-45F6-A57F-5ABD9991F28F}") = "Prog4GUI", "Prog4GUI\Prog4GUI.vbproj", "{FFC7B7E5-3A8B-480D-A3BF-E1F590995BB9}"
EndProject
Project("{F184B08F-C81C-45F6-A57F-5ABD9991F28F}") = "UserClass", "UserClass\UserClass.vbproj", "{B0A8822E-65E4-4809-A1C0-547B11037213}"
EndProject
Global
	GlobalSection(SolutionConfigurationPlatforms) = preSolution
		Debug|Any CPU = Debug|Any CPU
		Release|Any CPU = Release|Any CPU
	EndGlobalSection
	GlobalSection(ProjectConfigurationPlatforms) = postSolution
		{FFC7B7E5-3A8B-480D-A3BF-E1F590995BB9}.Debug|Any CPU.ActiveCfg = Debug|Any CPU
		{FFC7B7E5-3A8B-480D-A3BF-E1F590995BB9}.Debug|Any CPU.Build.0 = Debug|Any CPU
		{FFC7B7E5-3A8B-480D-A3BF-E1F590995BB9}.Release|Any CPU.ActiveCfg = Release|Any CPU
		{FFC7B7E5-3A8B-480D-A3BF-E1F590995BB9}.Release|Any CPU.Build.0 = Release|Any CPU
		{B0A8822E-65E4-4809-A1C0-547B11037213}.Debug|Any CPU.ActiveCfg = Debug|Any CPU
		{B0A8822E-65E4-4809-A1C0-547B11037213}.Debug|Any CPU.Build.0 = Debug|Any CPU
		{B0A8822E-65E4-4809-A1C0-547B11037213}.Release|Any CPU.ActiveCfg = Release|Any CPU
		{B0A8822E-65E4-4809-A1C0-547B11037213}.Release|Any CPU.Build.0 = Release|Any CPU
	EndGlobalSection
	GlobalSection(SolutionProperties) = preSolution
		HideSolutionNode = FALSE
	EndGlobalSection
EndGlobal
