
Microsoft Visual Studio Solution File, Format Version 12.00
# Visual Studio 2012
Project("{535C04D7-A2A5-47C7-83E0-B340A995CD1F}") = "GroupProject", "GroupProject.cblproj", "{0B150B0B-1E6B-47CD-8AE5-945F7426CA00}"
EndProject
Global
	GlobalSection(SolutionConfigurationPlatforms) = preSolution
		Debug|x86 = Debug|x86
		Release|x86 = Release|x86
	EndGlobalSection
	GlobalSection(ProjectConfigurationPlatforms) = postSolution
		{0B150B0B-1E6B-47CD-8AE5-945F7426CA00}.Debug|x86.ActiveCfg = Debug|x86
		{0B150B0B-1E6B-47CD-8AE5-945F7426CA00}.Debug|x86.Build.0 = Debug|x86
		{0B150B0B-1E6B-47CD-8AE5-945F7426CA00}.Release|x86.ActiveCfg = Release|x86
		{0B150B0B-1E6B-47CD-8AE5-945F7426CA00}.Release|x86.Build.0 = Release|x86
	EndGlobalSection
	GlobalSection(SolutionProperties) = preSolution
		HideSolutionNode = FALSE
	EndGlobalSection
EndGlobal
